
Microsoft Visual Studio Solution File, Format Version 12.00
# Visual Studio Version 17
VisualStudioVersion = 17.10.35122.118
MinimumVisualStudioVersion = 10.0.40219.1
Project("{9A19103F-16F7-4668-BE54-9A1E7A4F7556}") = "CRUDWithADONet", "CRUDWithADONet\CRUDWithADONet.csproj", "{380325D3-821C-4773-9DA1-0D2BE434A1EC}"
EndProject
Global
	GlobalSection(SolutionConfigurationPlatforms) = preSolution
		Debug|Any CPU = Debug|Any CPU
		Release|Any CPU = Release|Any CPU
	EndGlobalSection
	GlobalSection(ProjectConfigurationPlatforms) = postSolution
		{380325D3-821C-4773-9DA1-0D2BE434A1EC}.Debug|Any CPU.ActiveCfg = Debug|Any CPU
		{380325D3-821C-4773-9DA1-0D2BE434A1EC}.Debug|Any CPU.Build.0 = Debug|Any CPU
		{380325D3-821C-4773-9DA1-0D2BE434A1EC}.Release|Any CPU.ActiveCfg = Release|Any CPU
		{380325D3-821C-4773-9DA1-0D2BE434A1EC}.Release|Any CPU.Build.0 = Release|Any CPU
	EndGlobalSection
	GlobalSection(SolutionProperties) = preSolution
		HideSolutionNode = FALSE
	EndGlobalSection
	GlobalSection(ExtensibilityGlobals) = postSolution
		SolutionGuid = {91F48E48-8CF3-42E1-AE81-15F02D9CC1A2}
	EndGlobalSection
EndGlobal
